
Microsoft Visual Studio Solution File, Format Version 12.00
# Visual Studio 14
VisualStudioVersion = 14.0.25123.0
MinimumVisualStudioVersion = 10.0.40219.1
Project("{FAE04EC0-301F-11D3-BF4B-00C04F79EFBC}") = "Codify.VisualStudioOnline.BuildLight", "Codify.VisualStudioOnline.BuildLight\Codify.VisualStudioOnline.BuildLight.csproj", "{0F7273FB-6CD0-4EF7-B4D4-6938A772D929}"
EndProject
Project("{FAE04EC0-301F-11D3-BF4B-00C04F79EFBC}") = "Codify.Vsts.BuildLight", "Codify.Vsts.BuildLight\Codify.Vsts.BuildLight.csproj", "{DDF8289B-3B5D-457C-BFB0-026E57A7EA27}"
EndProject
Global
	GlobalSection(SolutionConfigurationPlatforms) = preSolution
		Debug|ARM = Debug|ARM
		Debug|x64 = Debug|x64
		Debug|x86 = Debug|x86
		Release|ARM = Release|ARM
		Release|x64 = Release|x64
		Release|x86 = Release|x86
	EndGlobalSection
	GlobalSection(ProjectConfigurationPlatforms) = postSolution
		{0F7273FB-6CD0-4EF7-B4D4-6938A772D929}.Debug|ARM.ActiveCfg = Debug|ARM
		{0F7273FB-6CD0-4EF7-B4D4-6938A772D929}.Debug|ARM.Build.0 = Debug|ARM
		{0F7273FB-6CD0-4EF7-B4D4-6938A772D929}.Debug|ARM.Deploy.0 = Debug|ARM
		{0F7273FB-6CD0-4EF7-B4D4-6938A772D929}.Debug|x64.ActiveCfg = Debug|x64
		{0F7273FB-6CD0-4EF7-B4D4-6938A772D929}.Debug|x64.Build.0 = Debug|x64
		{0F7273FB-6CD0-4EF7-B4D4-6938A772D929}.Debug|x64.Deploy.0 = Debug|x64
		{0F7273FB-6CD0-4EF7-B4D4-6938A772D929}.Debug|x86.ActiveCfg = Debug|x86
		{0F7273FB-6CD0-4EF7-B4D4-6938A772D929}.Debug|x86.Build.0 = Debug|x86
		{0F7273FB-6CD0-4EF7-B4D4-6938A772D929}.Debug|x86.Deploy.0 = Debug|x86
		{0F7273FB-6CD0-4EF7-B4D4-6938A772D929}.Release|ARM.ActiveCfg = Release|ARM
		{0F7273FB-6CD0-4EF7-B4D4-6938A772D929}.Release|ARM.Build.0 = Release|ARM
		{0F7273FB-6CD0-4EF7-B4D4-6938A772D929}.Release|ARM.Deploy.0 = Release|ARM
		{0F7273FB-6CD0-4EF7-B4D4-6938A772D929}.Release|x64.ActiveCfg = Release|x64
		{0F7273FB-6CD0-4EF7-B4D4-6938A772D929}.Release|x64.Build.0 = Release|x64
		{0F7273FB-6CD0-4EF7-B4D4-6938A772D929}.Release|x64.Deploy.0 = Release|x64
		{0F7273FB-6CD0-4EF7-B4D4-6938A772D929}.Release|x86.ActiveCfg = Release|x86
		{0F7273FB-6CD0-4EF7-B4D4-6938A772D929}.Release|x86.Build.0 = Release|x86
		{0F7273FB-6CD0-4EF7-B4D4-6938A772D929}.Release|x86.Deploy.0 = Release|x86
		{DDF8289B-3B5D-457C-BFB0-026E57A7EA27}.Debug|ARM.ActiveCfg = Debug|ARM
		{DDF8289B-3B5D-457C-BFB0-026E57A7EA27}.Debug|ARM.Build.0 = Debug|ARM
		{DDF8289B-3B5D-457C-BFB0-026E57A7EA27}.Debug|ARM.Deploy.0 = Debug|ARM
		{DDF8289B-3B5D-457C-BFB0-026E57A7EA27}.Debug|x64.ActiveCfg = Debug|x64
		{DDF8289B-3B5D-457C-BFB0-026E57A7EA27}.Debug|x64.Build.0 = Debug|x64
		{DDF8289B-3B5D-457C-BFB0-026E57A7EA27}.Debug|x64.Deploy.0 = Debug|x64
		{DDF8289B-3B5D-457C-BFB0-026E57A7EA27}.Debug|x86.ActiveCfg = Debug|x86
		{DDF8289B-3B5D-457C-BFB0-026E57A7EA27}.Debug|x86.Build.0 = Debug|x86
		{DDF8289B-3B5D-457C-BFB0-026E57A7EA27}.Debug|x86.Deploy.0 = Debug|x86
		{DDF8289B-3B5D-457C-BFB0-026E57A7EA27}.Release|ARM.ActiveCfg = Release|ARM
		{DDF8289B-3B5D-457C-BFB0-026E57A7EA27}.Release|ARM.Build.0 = Release|ARM
		{DDF8289B-3B5D-457C-BFB0-026E57A7EA27}.Release|ARM.Deploy.0 = Release|ARM
		{DDF8289B-3B5D-457C-BFB0-026E57A7EA27}.Release|x64.ActiveCfg = Release|x64
		{DDF8289B-3B5D-457C-BFB0-026E57A7EA27}.Release|x64.Build.0 = Release|x64
		{DDF8289B-3B5D-457C-BFB0-026E57A7EA27}.Release|x64.Deploy.0 = Release|x64
		{DDF8289B-3B5D-457C-BFB0-026E57A7EA27}.Release|x86.ActiveCfg = Release|x86
		{DDF8289B-3B5D-457C-BFB0-026E57A7EA27}.Release|x86.Build.0 = Release|x86
		{DDF8289B-3B5D-457C-BFB0-026E57A7EA27}.Release|x86.Deploy.0 = Release|x86
	EndGlobalSection
	GlobalSection(SolutionProperties) = preSolution
		HideSolutionNode = FALSE
	EndGlobalSection
EndGlobal
